
Microsoft Visual Studio Solution File, Format Version 12.00
# Visual Studio Version 16
VisualStudioVersion = 16.0.30114.105
MinimumVisualStudioVersion = 10.0.40219.1
Project("{FAE04EC0-301F-11D3-BF4B-00C04F79EFBC}") = "Library.Api", "Library.Api\Library.Api.csproj", "{4481E1F9-9974-4A53-A041-03D40C5BACFB}"
EndProject
Project("{FAE04EC0-301F-11D3-BF4B-00C04F79EFBC}") = "Library.Api.Tests.Integration", "Library.Api.Tests.Integration\Library.Api.Tests.Integration.csproj", "{5ABE6AB1-40EC-41DF-8512-70708EA3F5C0}"
EndProject
Global
	GlobalSection(SolutionConfigurationPlatforms) = preSolution
		Debug|Any CPU = Debug|Any CPU
		Release|Any CPU = Release|Any CPU
	EndGlobalSection
	GlobalSection(SolutionProperties) = preSolution
		HideSolutionNode = FALSE
	EndGlobalSection
	GlobalSection(ProjectConfigurationPlatforms) = postSolution
		{4481E1F9-9974-4A53-A041-03D40C5BACFB}.Debug|Any CPU.ActiveCfg = Debug|Any CPU
		{4481E1F9-9974-4A53-A041-03D40C5BACFB}.Debug|Any CPU.Build.0 = Debug|Any CPU
		{4481E1F9-9974-4A53-A041-03D40C5BACFB}.Release|Any CPU.ActiveCfg = Release|Any CPU
		{4481E1F9-9974-4A53-A041-03D40C5BACFB}.Release|Any CPU.Build.0 = Release|Any CPU
		{5ABE6AB1-40EC-41DF-8512-70708EA3F5C0}.Debug|Any CPU.ActiveCfg = Debug|Any CPU
		{5ABE6AB1-40EC-41DF-8512-70708EA3F5C0}.Debug|Any CPU.Build.0 = Debug|Any CPU
		{5ABE6AB1-40EC-41DF-8512-70708EA3F5C0}.Release|Any CPU.ActiveCfg = Release|Any CPU
		{5ABE6AB1-40EC-41DF-8512-70708EA3F5C0}.Release|Any CPU.Build.0 = Release|Any CPU
	EndGlobalSection
EndGlobal
